Microsoft Visual Studio Solution File, Format Version 12.00
# Visual Studio Version 17
VisualStudioVersion = 17.5.2.0
MinimumVisualStudioVersion = 10.0.40219.1
Project("{FAE04EC0-301F-11D3-BF4B-00C04F79EFBC}") = "MiniWebServer", "MiniWebServer\MiniWebServer.csproj", "{5DBF7FD3-1955-4B55-2A88-FBC047258614}"
EndProject
Global
	GlobalSection(SolutionConfigurationPlatforms) = preSolution
		Debug|Any CPU = Debug|Any CPU
		Release|Any CPU = Release|Any CPU
	EndGlobalSection
	GlobalSection(ProjectConfigurationPlatforms) = postSolution
		{5DBF7FD3-1955-4B55-2A88-FBC047258614}.Debug|Any CPU.ActiveCfg = Debug|Any CPU
		{5DBF7FD3-1955-4B55-2A88-FBC047258614}.Debug|Any CPU.Build.0 = Debug|Any CPU
		{5DBF7FD3-1955-4B55-2A88-FBC047258614}.Release|Any CPU.ActiveCfg = Release|Any CPU
		{5DBF7FD3-1955-4B55-2A88-FBC047258614}.Release|Any CPU.Build.0 = Release|Any CPU
	EndGlobalSection
	GlobalSection(SolutionProperties) = preSolution
		HideSolutionNode = FALSE
	EndGlobalSection
	GlobalSection(ExtensibilityGlobals) = postSolution
		SolutionGuid = {BDEC51EF-B5A0-4380-861B-329E922F1E0E}
	EndGlobalSection
EndGlobal
